
Microsoft Visual Studio Solution File, Format Version 11.00
# Visual Studio 2010
Project("{FAE04EC0-301F-11D3-BF4B-00C04F79EFBC}") = "Core", "Core\Core.csproj", "{699E145E-92EC-4E92-A53F-2125B2C68551}"
EndProject
Project("{FAE04EC0-301F-11D3-BF4B-00C04F79EFBC}") = "Web", "Web\Web.csproj", "{B3485395-8F67-4020-9D13-E9DAB4B4EE9E}"
EndProject
Project("{FAE04EC0-301F-11D3-BF4B-00C04F79EFBC}") = "Test.Core", "Test.Core\Test.Core.csproj", "{AAE16D1A-84ED-4BBD-B55D-8BDE64705BB9}"
EndProject
Global
	GlobalSection(SolutionConfigurationPlatforms) = preSolution
		Debug|Any CPU = Debug|Any CPU
		Release|Any CPU = Release|Any CPU
	EndGlobalSection
	GlobalSection(ProjectConfigurationPlatforms) = postSolution
		{699E145E-92EC-4E92-A53F-2125B2C68551}.Debug|Any CPU.ActiveCfg = Debug|Any CPU
		{699E145E-92EC-4E92-A53F-2125B2C68551}.Debug|Any CPU.Build.0 = Debug|Any CPU
		{699E145E-92EC-4E92-A53F-2125B2C68551}.Release|Any CPU.ActiveCfg = Release|Any CPU
		{699E145E-92EC-4E92-A53F-2125B2C68551}.Release|Any CPU.Build.0 = Release|Any CPU
		{B3485395-8F67-4020-9D13-E9DAB4B4EE9E}.Debug|Any CPU.ActiveCfg = Debug|Any CPU
		{B3485395-8F67-4020-9D13-E9DAB4B4EE9E}.Debug|Any CPU.Build.0 = Debug|Any CPU
		{B3485395-8F67-4020-9D13-E9DAB4B4EE9E}.Release|Any CPU.ActiveCfg = Release|Any CPU
		{B3485395-8F67-4020-9D13-E9DAB4B4EE9E}.Release|Any CPU.Build.0 = Release|Any CPU
		{AAE16D1A-84ED-4BBD-B55D-8BDE64705BB9}.Debug|Any CPU.ActiveCfg = Debug|Any CPU
		{AAE16D1A-84ED-4BBD-B55D-8BDE64705BB9}.Debug|Any CPU.Build.0 = Debug|Any CPU
		{AAE16D1A-84ED-4BBD-B55D-8BDE64705BB9}.Release|Any CPU.ActiveCfg = Release|Any CPU
		{AAE16D1A-84ED-4BBD-B55D-8BDE64705BB9}.Release|Any CPU.Build.0 = Release|Any CPU
	EndGlobalSection
	GlobalSection(SolutionProperties) = preSolution
		HideSolutionNode = FALSE
	EndGlobalSection
EndGlobal
